
Microsoft Visual Studio Solution File, Format Version 12.00
# Visual Studio Version 17
VisualStudioVersion = 17.6.33829.357
MinimumVisualStudioVersion = 10.0.40219.1
Project("{FAE04EC0-301F-11D3-BF4B-00C04F79EFBC}") = "TweeterAPI", "TweeterAPI\TweeterAPI.csproj", "{425454E0-DC9F-4BB8-9B3D-254CD4320299}"
EndProject
Global
	GlobalSection(SolutionConfigurationPlatforms) = preSolution
		Debug|Any CPU = Debug|Any CPU
		Release|Any CPU = Release|Any CPU
	EndGlobalSection
	GlobalSection(ProjectConfigurationPlatforms) = postSolution
		{425454E0-DC9F-4BB8-9B3D-254CD4320299}.Debug|Any CPU.ActiveCfg = Debug|Any CPU
		{425454E0-DC9F-4BB8-9B3D-254CD4320299}.Debug|Any CPU.Build.0 = Debug|Any CPU
		{425454E0-DC9F-4BB8-9B3D-254CD4320299}.Release|Any CPU.ActiveCfg = Release|Any CPU
		{425454E0-DC9F-4BB8-9B3D-254CD4320299}.Release|Any CPU.Build.0 = Release|Any CPU
	EndGlobalSection
	GlobalSection(SolutionProperties) = preSolution
		HideSolutionNode = FALSE
	EndGlobalSection
	GlobalSection(ExtensibilityGlobals) = postSolution
		SolutionGuid = {17C62006-B832-4AB5-8A62-FB65BB47B698}
	EndGlobalSection
EndGlobal
